
Microsoft Visual Studio Solution File, Format Version 12.00
# Visual Studio Version 17
VisualStudioVersion = 17.4.33110.190
MinimumVisualStudioVersion = 10.0.40219.1
Project("{FAE04EC0-301F-11D3-BF4B-00C04F79EFBC}") = "UnitTestLearning", "UnitTestLearning\UnitTestLearning.csproj", "{D957943F-9AC5-4937-9A49-8640926101E4}"
EndProject
Project("{FAE04EC0-301F-11D3-BF4B-00C04F79EFBC}") = "DB", "DB\DB.csproj", "{04EC774E-6683-4707-9542-6C1A79E0F531}"
EndProject
Project("{FAE04EC0-301F-11D3-BF4B-00C04F79EFBC}") = "UnitTestLearning.Test", "UnitTestLearning.Test\UnitTestLearning.Test.csproj", "{F51FCB6A-7D14-4495-A088-94D65C2DA288}"
EndProject
Global
	GlobalSection(SolutionConfigurationPlatforms) = preSolution
		Debug|Any CPU = Debug|Any CPU
		Release|Any CPU = Release|Any CPU
	EndGlobalSection
	GlobalSection(ProjectConfigurationPlatforms) = postSolution
		{D957943F-9AC5-4937-9A49-8640926101E4}.Debug|Any CPU.ActiveCfg = Debug|Any CPU
		{D957943F-9AC5-4937-9A49-8640926101E4}.Debug|Any CPU.Build.0 = Debug|Any CPU
		{D957943F-9AC5-4937-9A49-8640926101E4}.Release|Any CPU.ActiveCfg = Release|Any CPU
		{D957943F-9AC5-4937-9A49-8640926101E4}.Release|Any CPU.Build.0 = Release|Any CPU
		{04EC774E-6683-4707-9542-6C1A79E0F531}.Debug|Any CPU.ActiveCfg = Debug|Any CPU
		{04EC774E-6683-4707-9542-6C1A79E0F531}.Debug|Any CPU.Build.0 = Debug|Any CPU
		{04EC774E-6683-4707-9542-6C1A79E0F531}.Release|Any CPU.ActiveCfg = Release|Any CPU
		{04EC774E-6683-4707-9542-6C1A79E0F531}.Release|Any CPU.Build.0 = Release|Any CPU
		{F51FCB6A-7D14-4495-A088-94D65C2DA288}.Debug|Any CPU.ActiveCfg = Debug|Any CPU
		{F51FCB6A-7D14-4495-A088-94D65C2DA288}.Debug|Any CPU.Build.0 = Debug|Any CPU
		{F51FCB6A-7D14-4495-A088-94D65C2DA288}.Release|Any CPU.ActiveCfg = Release|Any CPU
		{F51FCB6A-7D14-4495-A088-94D65C2DA288}.Release|Any CPU.Build.0 = Release|Any CPU
	EndGlobalSection
	GlobalSection(SolutionProperties) = preSolution
		HideSolutionNode = FALSE
	EndGlobalSection
	GlobalSection(ExtensibilityGlobals) = postSolution
		SolutionGuid = {F7E5A76D-9C67-4B23-A479-D76BA15426B0}
	EndGlobalSection
EndGlobal
